
Microsoft Visual Studio Solution File, Format Version 12.00
# Visual Studio Version 17
VisualStudioVersion = 17.11.35312.102
MinimumVisualStudioVersion = 10.0.40219.1
Project("{FAE04EC0-301F-11D3-BF4B-00C04F79EFBC}") = "TicketBookingSystem", "TicketBookingSystem\TicketBookingSystem.csproj", "{F175607B-B7E9-4997-A20D-36CDE49C14CD}"
EndProject
Global
	GlobalSection(SolutionConfigurationPlatforms) = preSolution
		Debug|Any CPU = Debug|Any CPU
		Release|Any CPU = Release|Any CPU
	EndGlobalSection
	GlobalSection(ProjectConfigurationPlatforms) = postSolution
		{F175607B-B7E9-4997-A20D-36CDE49C14CD}.Debug|Any CPU.ActiveCfg = Debug|Any CPU
		{F175607B-B7E9-4997-A20D-36CDE49C14CD}.Debug|Any CPU.Build.0 = Debug|Any CPU
		{F175607B-B7E9-4997-A20D-36CDE49C14CD}.Release|Any CPU.ActiveCfg = Release|Any CPU
		{F175607B-B7E9-4997-A20D-36CDE49C14CD}.Release|Any CPU.Build.0 = Release|Any CPU
	EndGlobalSection
	GlobalSection(SolutionProperties) = preSolution
		HideSolutionNode = FALSE
	EndGlobalSection
	GlobalSection(ExtensibilityGlobals) = postSolution
		SolutionGuid = {E747FB29-0279-41F0-B877-FE3682C640F0}
	EndGlobalSection
EndGlobal
